
Microsoft Visual Studio Solution File, Format Version 11.00
# Visual Studio 2010
Project("{8BC9CEB8-8B4A-11D0-8D11-00A0C91BC942}") = "GTFPOSComm", "GTFPOSComm\GTFPOSComm.vcxproj", "{D2EB9E5E-CDC5-4EC0-91E4-DE250DCF4FEF}"
EndProject
Global
	GlobalSection(SolutionConfigurationPlatforms) = preSolution
		Debug|Win32 = Debug|Win32
		Release|Win32 = Release|Win32
	EndGlobalSection
	GlobalSection(ProjectConfigurationPlatforms) = postSolution
		{D2EB9E5E-CDC5-4EC0-91E4-DE250DCF4FEF}.Debug|Win32.ActiveCfg = Debug|Win32
		{D2EB9E5E-CDC5-4EC0-91E4-DE250DCF4FEF}.Debug|Win32.Build.0 = Debug|Win32
		{D2EB9E5E-CDC5-4EC0-91E4-DE250DCF4FEF}.Release|Win32.ActiveCfg = Release|Win32
		{D2EB9E5E-CDC5-4EC0-91E4-DE250DCF4FEF}.Release|Win32.Build.0 = Release|Win32
	EndGlobalSection
	GlobalSection(SolutionProperties) = preSolution
		HideSolutionNode = FALSE
	EndGlobalSection
EndGlobal
